
Microsoft Visual Studio Solution File, Format Version 12.00
# Visual Studio 14
VisualStudioVersion = 14.0.25420.1
MinimumVisualStudioVersion = 10.0.40219.1
Project("{FAE04EC0-301F-11D3-BF4B-00C04F79EFBC}") = "GigHub", "GigHub\GigHub.csproj", "{7454AF46-1659-4459-9A0F-05CC56A398DB}"
EndProject
Project("{FAE04EC0-301F-11D3-BF4B-00C04F79EFBC}") = "GigHub.Tests", "GigHub.Tests\GigHub.Tests.csproj", "{5CAA5B6D-BEE8-4A28-8EA1-C3DC30657B72}"
EndProject
Project("{FAE04EC0-301F-11D3-BF4B-00C04F79EFBC}") = "GigHub.IntegrationTests", "GigHub.IntegrationTests\GigHub.IntegrationTests.csproj", "{0F53567B-B3ED-4310-8409-8EE1A1E168FF}"
EndProject
Global
	GlobalSection(SolutionConfigurationPlatforms) = preSolution
		Debug|Any CPU = Debug|Any CPU
		Release|Any CPU = Release|Any CPU
	EndGlobalSection
	GlobalSection(ProjectConfigurationPlatforms) = postSolution
		{7454AF46-1659-4459-9A0F-05CC56A398DB}.Debug|Any CPU.ActiveCfg = Debug|Any CPU
		{7454AF46-1659-4459-9A0F-05CC56A398DB}.Debug|Any CPU.Build.0 = Debug|Any CPU
		{7454AF46-1659-4459-9A0F-05CC56A398DB}.Release|Any CPU.ActiveCfg = Release|Any CPU
		{7454AF46-1659-4459-9A0F-05CC56A398DB}.Release|Any CPU.Build.0 = Release|Any CPU
		{5CAA5B6D-BEE8-4A28-8EA1-C3DC30657B72}.Debug|Any CPU.ActiveCfg = Debug|Any CPU
		{5CAA5B6D-BEE8-4A28-8EA1-C3DC30657B72}.Debug|Any CPU.Build.0 = Debug|Any CPU
		{5CAA5B6D-BEE8-4A28-8EA1-C3DC30657B72}.Release|Any CPU.ActiveCfg = Release|Any CPU
		{5CAA5B6D-BEE8-4A28-8EA1-C3DC30657B72}.Release|Any CPU.Build.0 = Release|Any CPU
		{0F53567B-B3ED-4310-8409-8EE1A1E168FF}.Debug|Any CPU.ActiveCfg = Debug|Any CPU
		{0F53567B-B3ED-4310-8409-8EE1A1E168FF}.Debug|Any CPU.Build.0 = Debug|Any CPU
		{0F53567B-B3ED-4310-8409-8EE1A1E168FF}.Release|Any CPU.ActiveCfg = Release|Any CPU
		{0F53567B-B3ED-4310-8409-8EE1A1E168FF}.Release|Any CPU.Build.0 = Release|Any CPU
	EndGlobalSection
	GlobalSection(SolutionProperties) = preSolution
		HideSolutionNode = FALSE
	EndGlobalSection
	GlobalSection(TeamFoundationVersionControl) = preSolution
		SccNumberOfProjects = 4
		SccEnterpriseProvider = {4CA58AB2-18FA-4F8D-95D4-32DDF27D184C}
		SccTeamFoundationServer = https://andrewdavis4608.visualstudio.com/
		SccLocalPath0 = .
		SccProjectUniqueName1 = GigHub\\GigHub.csproj
		SccProjectName1 = GigHub
		SccLocalPath1 = GigHub
		SccProjectUniqueName2 = GigHub.Tests\\GigHub.Tests.csproj
		SccProjectName2 = GigHub.Tests
		SccLocalPath2 = GigHub.Tests
		SccProjectUniqueName3 = GigHub.IntegrationTests\\GigHub.IntegrationTests.csproj
		SccProjectName3 = GigHub.IntegrationTests
		SccLocalPath3 = GigHub.IntegrationTests
	EndGlobalSection
EndGlobal
